Microsoft Visual Studio Solution File, Format Version 12.00
# Visual Studio 15
VisualStudioVersion = 15.0.26124.0
MinimumVisualStudioVersion = 15.0.26124.0
Project("{9A19103F-16F7-4668-BE54-9A1E7A4F7556}") = "PrimeService", "PrimeService\PrimeService.csproj", "{C11E2424-AD41-4D03-AA9F-1B33FED4E8B7}"
EndProject
Project("{9A19103F-16F7-4668-BE54-9A1E7A4F7556}") = "PrimeService.Tests", "PrimeService.Tests\PrimeService.Tests.csproj", "{01E7C826-879C-44FB-96DA-2C930A13F789}"
EndProject
Project("{9A19103F-16F7-4668-BE54-9A1E7A4F7556}") = "UtilityLibraries", "UtilityLibraries\UtilityLibraries.csproj", "{44255CFF-E6B2-4DC8-8B09-E53696355423}"
EndProject
Project("{9A19103F-16F7-4668-BE54-9A1E7A4F7556}") = "StringLibrary.Tests", "StringLibrary.Tests\StringLibrary.Tests.csproj", "{5ED79541-B39D-4499-817A-86E7CBB76AD1}"
EndProject
Global
	GlobalSection(SolutionConfigurationPlatforms) = preSolution
		Debug|Any CPU = Debug|Any CPU
		Debug|x64 = Debug|x64
		Debug|x86 = Debug|x86
		Release|Any CPU = Release|Any CPU
		Release|x64 = Release|x64
		Release|x86 = Release|x86
	EndGlobalSection
	GlobalSection(ProjectConfigurationPlatforms) = postSolution
		{C11E2424-AD41-4D03-AA9F-1B33FED4E8B7}.Debug|Any CPU.ActiveCfg = Debug|Any CPU
		{C11E2424-AD41-4D03-AA9F-1B33FED4E8B7}.Debug|Any CPU.Build.0 = Debug|Any CPU
		{C11E2424-AD41-4D03-AA9F-1B33FED4E8B7}.Debug|x64.ActiveCfg = Debug|Any CPU
		{C11E2424-AD41-4D03-AA9F-1B33FED4E8B7}.Debug|x64.Build.0 = Debug|Any CPU
		{C11E2424-AD41-4D03-AA9F-1B33FED4E8B7}.Debug|x86.ActiveCfg = Debug|Any CPU
		{C11E2424-AD41-4D03-AA9F-1B33FED4E8B7}.Debug|x86.Build.0 = Debug|Any CPU
		{C11E2424-AD41-4D03-AA9F-1B33FED4E8B7}.Release|Any CPU.ActiveCfg = Release|Any CPU
		{C11E2424-AD41-4D03-AA9F-1B33FED4E8B7}.Release|Any CPU.Build.0 = Release|Any CPU
		{C11E2424-AD41-4D03-AA9F-1B33FED4E8B7}.Release|x64.ActiveCfg = Release|Any CPU
		{C11E2424-AD41-4D03-AA9F-1B33FED4E8B7}.Release|x64.Build.0 = Release|Any CPU
		{C11E2424-AD41-4D03-AA9F-1B33FED4E8B7}.Release|x86.ActiveCfg = Release|Any CPU
		{C11E2424-AD41-4D03-AA9F-1B33FED4E8B7}.Release|x86.Build.0 = Release|Any CPU
		{01E7C826-879C-44FB-96DA-2C930A13F789}.Debug|Any CPU.ActiveCfg = Debug|Any CPU
		{01E7C826-879C-44FB-96DA-2C930A13F789}.Debug|Any CPU.Build.0 = Debug|Any CPU
		{01E7C826-879C-44FB-96DA-2C930A13F789}.Debug|x64.ActiveCfg = Debug|Any CPU
		{01E7C826-879C-44FB-96DA-2C930A13F789}.Debug|x64.Build.0 = Debug|Any CPU
		{01E7C826-879C-44FB-96DA-2C930A13F789}.Debug|x86.ActiveCfg = Debug|Any CPU
		{01E7C826-879C-44FB-96DA-2C930A13F789}.Debug|x86.Build.0 = Debug|Any CPU
		{01E7C826-879C-44FB-96DA-2C930A13F789}.Release|Any CPU.ActiveCfg = Release|Any CPU
		{01E7C826-879C-44FB-96DA-2C930A13F789}.Release|Any CPU.Build.0 = Release|Any CPU
		{01E7C826-879C-44FB-96DA-2C930A13F789}.Release|x64.ActiveCfg = Release|Any CPU
		{01E7C826-879C-44FB-96DA-2C930A13F789}.Release|x64.Build.0 = Release|Any CPU
		{01E7C826-879C-44FB-96DA-2C930A13F789}.Release|x86.ActiveCfg = Release|Any CPU
		{01E7C826-879C-44FB-96DA-2C930A13F789}.Release|x86.Build.0 = Release|Any CPU
		{44255CFF-E6B2-4DC8-8B09-E53696355423}.Debug|Any CPU.ActiveCfg = Debug|Any CPU
		{44255CFF-E6B2-4DC8-8B09-E53696355423}.Debug|Any CPU.Build.0 = Debug|Any CPU
		{44255CFF-E6B2-4DC8-8B09-E53696355423}.Debug|x64.ActiveCfg = Debug|Any CPU
		{44255CFF-E6B2-4DC8-8B09-E53696355423}.Debug|x64.Build.0 = Debug|Any CPU
		{44255CFF-E6B2-4DC8-8B09-E53696355423}.Debug|x86.ActiveCfg = Debug|Any CPU
		{44255CFF-E6B2-4DC8-8B09-E53696355423}.Debug|x86.Build.0 = Debug|Any CPU
		{44255CFF-E6B2-4DC8-8B09-E53696355423}.Release|Any CPU.ActiveCfg = Release|Any CPU
		{44255CFF-E6B2-4DC8-8B09-E53696355423}.Release|Any CPU.Build.0 = Release|Any CPU
		{44255CFF-E6B2-4DC8-8B09-E53696355423}.Release|x64.ActiveCfg = Release|Any CPU
		{44255CFF-E6B2-4DC8-8B09-E53696355423}.Release|x64.Build.0 = Release|Any CPU
		{44255CFF-E6B2-4DC8-8B09-E53696355423}.Release|x86.ActiveCfg = Release|Any CPU
		{44255CFF-E6B2-4DC8-8B09-E53696355423}.Release|x86.Build.0 = Release|Any CPU
		{5ED79541-B39D-4499-817A-86E7CBB76AD1}.Debug|Any CPU.ActiveCfg = Debug|Any CPU
		{5ED79541-B39D-4499-817A-86E7CBB76AD1}.Debug|Any CPU.Build.0 = Debug|Any CPU
		{5ED79541-B39D-4499-817A-86E7CBB76AD1}.Debug|x64.ActiveCfg = Debug|Any CPU
		{5ED79541-B39D-4499-817A-86E7CBB76AD1}.Debug|x64.Build.0 = Debug|Any CPU
		{5ED79541-B39D-4499-817A-86E7CBB76AD1}.Debug|x86.ActiveCfg = Debug|Any CPU
		{5ED79541-B39D-4499-817A-86E7CBB76AD1}.Debug|x86.Build.0 = Debug|Any CPU
		{5ED79541-B39D-4499-817A-86E7CBB76AD1}.Release|Any CPU.ActiveCfg = Release|Any CPU
		{5ED79541-B39D-4499-817A-86E7CBB76AD1}.Release|Any CPU.Build.0 = Release|Any CPU
		{5ED79541-B39D-4499-817A-86E7CBB76AD1}.Release|x64.ActiveCfg = Release|Any CPU
		{5ED79541-B39D-4499-817A-86E7CBB76AD1}.Release|x64.Build.0 = Release|Any CPU
		{5ED79541-B39D-4499-817A-86E7CBB76AD1}.Release|x86.ActiveCfg = Release|Any CPU
		{5ED79541-B39D-4499-817A-86E7CBB76AD1}.Release|x86.Build.0 = Release|Any CPU
	EndGlobalSection
	GlobalSection(SolutionProperties) = preSolution
		HideSolutionNode = FALSE
	EndGlobalSection
	GlobalSection(ExtensibilityGlobals) = postSolution
		SolutionGuid = {719EB29D-FCD9-4124-9191-92E6DF6C732F}
	EndGlobalSection
EndGlobal
