
Microsoft Visual Studio Solution File, Format Version 12.00
# Visual Studio 2012
Project("{FAE04EC0-301F-11D3-BF4B-00C04F79EFBC}") = "Delegates", "Delegates\Delegates.csproj", "{58619471-4844-4925-84A6-C1F4C10FDB88}"
EndProject
Project("{FAE04EC0-301F-11D3-BF4B-00C04F79EFBC}") = "AuditService", "AuditService\AuditService.csproj", "{26C984BD-0E35-44D6-8C4E-752E5126BC3F}"
EndProject
Project("{FAE04EC0-301F-11D3-BF4B-00C04F79EFBC}") = "DataTypes", "DataTypes\DataTypes.csproj", "{9D97A306-E750-4317-90B8-0C5E0FBB8592}"
EndProject
Project("{FAE04EC0-301F-11D3-BF4B-00C04F79EFBC}") = "DeliveryService", "DeliveryService\DeliveryService.csproj", "{F2108091-4DD6-4943-A0C2-2295AF4A75BA}"
EndProject
Project("{FAE04EC0-301F-11D3-BF4B-00C04F79EFBC}") = "CheckoutService", "CheckoutService\CheckoutService.csproj", "{3525EBF0-D43D-4C7A-ACD9-07023437EA01}"
EndProject
Global
	GlobalSection(SolutionConfigurationPlatforms) = preSolution
		Debug|ARM = Debug|ARM
		Debug|Any CPU = Debug|Any CPU
		Debug|x64 = Debug|x64
		Debug|x86 = Debug|x86
		Release|ARM = Release|ARM
		Release|Any CPU = Release|Any CPU
		Release|x64 = Release|x64
		Release|x86 = Release|x86
	EndGlobalSection
	GlobalSection(ProjectConfigurationPlatforms) = postSolution
		{26C984BD-0E35-44D6-8C4E-752E5126BC3F}.Debug|ARM.ActiveCfg = Debug|ARM
		{26C984BD-0E35-44D6-8C4E-752E5126BC3F}.Debug|ARM.Build.0 = Debug|ARM
		{26C984BD-0E35-44D6-8C4E-752E5126BC3F}.Debug|Any CPU.ActiveCfg = Debug|Any CPU
		{26C984BD-0E35-44D6-8C4E-752E5126BC3F}.Debug|Any CPU.Build.0 = Debug|Any CPU
		{26C984BD-0E35-44D6-8C4E-752E5126BC3F}.Debug|x64.ActiveCfg = Debug|x64
		{26C984BD-0E35-44D6-8C4E-752E5126BC3F}.Debug|x64.Build.0 = Debug|x64
		{26C984BD-0E35-44D6-8C4E-752E5126BC3F}.Debug|x86.ActiveCfg = Debug|x86
		{26C984BD-0E35-44D6-8C4E-752E5126BC3F}.Debug|x86.Build.0 = Debug|x86
		{26C984BD-0E35-44D6-8C4E-752E5126BC3F}.Release|ARM.ActiveCfg = Release|ARM
		{26C984BD-0E35-44D6-8C4E-752E5126BC3F}.Release|ARM.Build.0 = Release|ARM
		{26C984BD-0E35-44D6-8C4E-752E5126BC3F}.Release|Any CPU.ActiveCfg = Release|Any CPU
		{26C984BD-0E35-44D6-8C4E-752E5126BC3F}.Release|Any CPU.Build.0 = Release|Any CPU
		{26C984BD-0E35-44D6-8C4E-752E5126BC3F}.Release|x64.ActiveCfg = Release|x64
		{26C984BD-0E35-44D6-8C4E-752E5126BC3F}.Release|x64.Build.0 = Release|x64
		{26C984BD-0E35-44D6-8C4E-752E5126BC3F}.Release|x86.ActiveCfg = Release|x86
		{26C984BD-0E35-44D6-8C4E-752E5126BC3F}.Release|x86.Build.0 = Release|x86
		{3525EBF0-D43D-4C7A-ACD9-07023437EA01}.Debug|ARM.ActiveCfg = Debug|ARM
		{3525EBF0-D43D-4C7A-ACD9-07023437EA01}.Debug|ARM.Build.0 = Debug|ARM
		{3525EBF0-D43D-4C7A-ACD9-07023437EA01}.Debug|Any CPU.ActiveCfg = Debug|Any CPU
		{3525EBF0-D43D-4C7A-ACD9-07023437EA01}.Debug|Any CPU.Build.0 = Debug|Any CPU
		{3525EBF0-D43D-4C7A-ACD9-07023437EA01}.Debug|x64.ActiveCfg = Debug|x64
		{3525EBF0-D43D-4C7A-ACD9-07023437EA01}.Debug|x64.Build.0 = Debug|x64
		{3525EBF0-D43D-4C7A-ACD9-07023437EA01}.Debug|x86.ActiveCfg = Debug|x86
		{3525EBF0-D43D-4C7A-ACD9-07023437EA01}.Debug|x86.Build.0 = Debug|x86
		{3525EBF0-D43D-4C7A-ACD9-07023437EA01}.Release|ARM.ActiveCfg = Release|ARM
		{3525EBF0-D43D-4C7A-ACD9-07023437EA01}.Release|ARM.Build.0 = Release|ARM
		{3525EBF0-D43D-4C7A-ACD9-07023437EA01}.Release|Any CPU.ActiveCfg = Release|Any CPU
		{3525EBF0-D43D-4C7A-ACD9-07023437EA01}.Release|Any CPU.Build.0 = Release|Any CPU
		{3525EBF0-D43D-4C7A-ACD9-07023437EA01}.Release|x64.ActiveCfg = Release|x64
		{3525EBF0-D43D-4C7A-ACD9-07023437EA01}.Release|x64.Build.0 = Release|x64
		{3525EBF0-D43D-4C7A-ACD9-07023437EA01}.Release|x86.ActiveCfg = Release|x86
		{3525EBF0-D43D-4C7A-ACD9-07023437EA01}.Release|x86.Build.0 = Release|x86
		{58619471-4844-4925-84A6-C1F4C10FDB88}.Debug|ARM.ActiveCfg = Debug|ARM
		{58619471-4844-4925-84A6-C1F4C10FDB88}.Debug|ARM.Build.0 = Debug|ARM
		{58619471-4844-4925-84A6-C1F4C10FDB88}.Debug|ARM.Deploy.0 = Debug|ARM
		{58619471-4844-4925-84A6-C1F4C10FDB88}.Debug|Any CPU.ActiveCfg = Debug|Any CPU
		{58619471-4844-4925-84A6-C1F4C10FDB88}.Debug|Any CPU.Build.0 = Debug|Any CPU
		{58619471-4844-4925-84A6-C1F4C10FDB88}.Debug|Any CPU.Deploy.0 = Debug|Any CPU
		{58619471-4844-4925-84A6-C1F4C10FDB88}.Debug|x64.ActiveCfg = Debug|x64
		{58619471-4844-4925-84A6-C1F4C10FDB88}.Debug|x64.Build.0 = Debug|x64
		{58619471-4844-4925-84A6-C1F4C10FDB88}.Debug|x64.Deploy.0 = Debug|x64
		{58619471-4844-4925-84A6-C1F4C10FDB88}.Debug|x86.ActiveCfg = Debug|x86
		{58619471-4844-4925-84A6-C1F4C10FDB88}.Debug|x86.Build.0 = Debug|x86
		{58619471-4844-4925-84A6-C1F4C10FDB88}.Debug|x86.Deploy.0 = Debug|x86
		{58619471-4844-4925-84A6-C1F4C10FDB88}.Release|ARM.ActiveCfg = Release|ARM
		{58619471-4844-4925-84A6-C1F4C10FDB88}.Release|ARM.Build.0 = Release|ARM
		{58619471-4844-4925-84A6-C1F4C10FDB88}.Release|ARM.Deploy.0 = Release|ARM
		{58619471-4844-4925-84A6-C1F4C10FDB88}.Release|Any CPU.ActiveCfg = Release|Any CPU
		{58619471-4844-4925-84A6-C1F4C10FDB88}.Release|Any CPU.Build.0 = Release|Any CPU
		{58619471-4844-4925-84A6-C1F4C10FDB88}.Release|Any CPU.Deploy.0 = Release|Any CPU
		{58619471-4844-4925-84A6-C1F4C10FDB88}.Release|x64.ActiveCfg = Release|x64
		{58619471-4844-4925-84A6-C1F4C10FDB88}.Release|x64.Build.0 = Release|x64
		{58619471-4844-4925-84A6-C1F4C10FDB88}.Release|x64.Deploy.0 = Release|x64
		{58619471-4844-4925-84A6-C1F4C10FDB88}.Release|x86.ActiveCfg = Release|x86
		{58619471-4844-4925-84A6-C1F4C10FDB88}.Release|x86.Build.0 = Release|x86
		{58619471-4844-4925-84A6-C1F4C10FDB88}.Release|x86.Deploy.0 = Release|x86
		{9D97A306-E750-4317-90B8-0C5E0FBB8592}.Debug|ARM.ActiveCfg = Debug|ARM
		{9D97A306-E750-4317-90B8-0C5E0FBB8592}.Debug|ARM.Build.0 = Debug|ARM
		{9D97A306-E750-4317-90B8-0C5E0FBB8592}.Debug|Any CPU.ActiveCfg = Debug|Any CPU
		{9D97A306-E750-4317-90B8-0C5E0FBB8592}.Debug|Any CPU.Build.0 = Debug|Any CPU
		{9D97A306-E750-4317-90B8-0C5E0FBB8592}.Debug|x64.ActiveCfg = Debug|x64
		{9D97A306-E750-4317-90B8-0C5E0FBB8592}.Debug|x64.Build.0 = Debug|x64
		{9D97A306-E750-4317-90B8-0C5E0FBB8592}.Debug|x86.ActiveCfg = Debug|x86
		{9D97A306-E750-4317-90B8-0C5E0FBB8592}.Debug|x86.Build.0 = Debug|x86
		{9D97A306-E750-4317-90B8-0C5E0FBB8592}.Release|ARM.ActiveCfg = Release|ARM
		{9D97A306-E750-4317-90B8-0C5E0FBB8592}.Release|ARM.Build.0 = Release|ARM
		{9D97A306-E750-4317-90B8-0C5E0FBB8592}.Release|Any CPU.ActiveCfg = Release|Any CPU
		{9D97A306-E750-4317-90B8-0C5E0FBB8592}.Release|Any CPU.Build.0 = Release|Any CPU
		{9D97A306-E750-4317-90B8-0C5E0FBB8592}.Release|x64.ActiveCfg = Release|x64
		{9D97A306-E750-4317-90B8-0C5E0FBB8592}.Release|x64.Build.0 = Release|x64
		{9D97A306-E750-4317-90B8-0C5E0FBB8592}.Release|x86.ActiveCfg = Release|x86
		{9D97A306-E750-4317-90B8-0C5E0FBB8592}.Release|x86.Build.0 = Release|x86
		{F2108091-4DD6-4943-A0C2-2295AF4A75BA}.Debug|ARM.ActiveCfg = Debug|ARM
		{F2108091-4DD6-4943-A0C2-2295AF4A75BA}.Debug|ARM.Build.0 = Debug|ARM
		{F2108091-4DD6-4943-A0C2-2295AF4A75BA}.Debug|Any CPU.ActiveCfg = Debug|Any CPU
		{F2108091-4DD6-4943-A0C2-2295AF4A75BA}.Debug|Any CPU.Build.0 = Debug|Any CPU
		{F2108091-4DD6-4943-A0C2-2295AF4A75BA}.Debug|x64.ActiveCfg = Debug|x64
		{F2108091-4DD6-4943-A0C2-2295AF4A75BA}.Debug|x64.Build.0 = Debug|x64
		{F2108091-4DD6-4943-A0C2-2295AF4A75BA}.Debug|x86.ActiveCfg = Debug|x86
		{F2108091-4DD6-4943-A0C2-2295AF4A75BA}.Debug|x86.Build.0 = Debug|x86
		{F2108091-4DD6-4943-A0C2-2295AF4A75BA}.Release|ARM.ActiveCfg = Release|ARM
		{F2108091-4DD6-4943-A0C2-2295AF4A75BA}.Release|ARM.Build.0 = Release|ARM
		{F2108091-4DD6-4943-A0C2-2295AF4A75BA}.Release|Any CPU.ActiveCfg = Release|Any CPU
		{F2108091-4DD6-4943-A0C2-2295AF4A75BA}.Release|Any CPU.Build.0 = Release|Any CPU
		{F2108091-4DD6-4943-A0C2-2295AF4A75BA}.Release|x64.ActiveCfg = Release|x64
		{F2108091-4DD6-4943-A0C2-2295AF4A75BA}.Release|x64.Build.0 = Release|x64
		{F2108091-4DD6-4943-A0C2-2295AF4A75BA}.Release|x86.ActiveCfg = Release|x86
		{F2108091-4DD6-4943-A0C2-2295AF4A75BA}.Release|x86.Build.0 = Release|x86
	EndGlobalSection
	GlobalSection(SolutionProperties) = preSolution
		HideSolutionNode = FALSE
	EndGlobalSection
EndGlobal
