
Microsoft Visual Studio Solution File, Format Version 11.00
# Visual Studio 2010
Project("{FAE04EC0-301F-11D3-BF4B-00C04F79EFBC}") = "NLF", "NLF\NLF.csproj", "{F0BD53BE-5132-4470-A4F1-337E94041ADB}"
EndProject
Project("{FAE04EC0-301F-11D3-BF4B-00C04F79EFBC}") = "LinqtoXML", "LinqtoXML\LinqtoXML.csproj", "{AE47D2EF-A703-4645-A21B-946F4D724198}"
EndProject
Project("{FAE04EC0-301F-11D3-BF4B-00C04F79EFBC}") = "LinqtoSQLConsole", "LinqtoSQLConsole\LinqtoSQLConsole.csproj", "{664CE06A-7525-4C86-AB1F-2004729A2D18}"
EndProject
Project("{E24C65DC-7377-472B-9ABA-BC803B73C61A}") = "LinktoSQLWebsite", "LinktoSQLWebsite\", "{B4441163-8678-4CB3-8A58-690D5D07612D}"
	ProjectSection(WebsiteProperties) = preProject
		TargetFrameworkMoniker = ".NETFramework,Version%3Dv4.0"
		Debug.AspNetCompiler.VirtualPath = "/LinktoSQLWebsite"
		Debug.AspNetCompiler.PhysicalPath = "LinktoSQLWebsite\"
		Debug.AspNetCompiler.TargetPath = "PrecompiledWeb\LinktoSQLWebsite\"
		Debug.AspNetCompiler.Updateable = "true"
		Debug.AspNetCompiler.ForceOverwrite = "true"
		Debug.AspNetCompiler.FixedNames = "false"
		Debug.AspNetCompiler.Debug = "True"
		Release.AspNetCompiler.VirtualPath = "/LinktoSQLWebsite"
		Release.AspNetCompiler.PhysicalPath = "LinktoSQLWebsite\"
		Release.AspNetCompiler.TargetPath = "PrecompiledWeb\LinktoSQLWebsite\"
		Release.AspNetCompiler.Updateable = "true"
		Release.AspNetCompiler.ForceOverwrite = "true"
		Release.AspNetCompiler.FixedNames = "false"
		Release.AspNetCompiler.Debug = "False"
		VWDPort = "4584"
		DefaultWebSiteLanguage = "Visual C#"
	EndProjectSection
EndProject
Project("{FAE04EC0-301F-11D3-BF4B-00C04F79EFBC}") = "LinqtoObjects", "LinqtoObjects\LinqtoObjects.csproj", "{9846CAAB-F1B8-4F11-BC48-7FD2B60A55D9}"
EndProject
Global
	GlobalSection(SolutionConfigurationPlatforms) = preSolution
		Debug|Any CPU = Debug|Any CPU
		Debug|Mixed Platforms = Debug|Mixed Platforms
		Debug|x86 = Debug|x86
		Release|Any CPU = Release|Any CPU
		Release|Mixed Platforms = Release|Mixed Platforms
		Release|x86 = Release|x86
	EndGlobalSection
	GlobalSection(ProjectConfigurationPlatforms) = postSolution
		{F0BD53BE-5132-4470-A4F1-337E94041ADB}.Debug|Any CPU.ActiveCfg = Debug|x86
		{F0BD53BE-5132-4470-A4F1-337E94041ADB}.Debug|Mixed Platforms.ActiveCfg = Debug|x86
		{F0BD53BE-5132-4470-A4F1-337E94041ADB}.Debug|Mixed Platforms.Build.0 = Debug|x86
		{F0BD53BE-5132-4470-A4F1-337E94041ADB}.Debug|x86.ActiveCfg = Debug|x86
		{F0BD53BE-5132-4470-A4F1-337E94041ADB}.Debug|x86.Build.0 = Debug|x86
		{F0BD53BE-5132-4470-A4F1-337E94041ADB}.Release|Any CPU.ActiveCfg = Release|x86
		{F0BD53BE-5132-4470-A4F1-337E94041ADB}.Release|Mixed Platforms.ActiveCfg = Release|x86
		{F0BD53BE-5132-4470-A4F1-337E94041ADB}.Release|Mixed Platforms.Build.0 = Release|x86
		{F0BD53BE-5132-4470-A4F1-337E94041ADB}.Release|x86.ActiveCfg = Release|x86
		{F0BD53BE-5132-4470-A4F1-337E94041ADB}.Release|x86.Build.0 = Release|x86
		{AE47D2EF-A703-4645-A21B-946F4D724198}.Debug|Any CPU.ActiveCfg = Debug|x86
		{AE47D2EF-A703-4645-A21B-946F4D724198}.Debug|Mixed Platforms.ActiveCfg = Debug|x86
		{AE47D2EF-A703-4645-A21B-946F4D724198}.Debug|Mixed Platforms.Build.0 = Debug|x86
		{AE47D2EF-A703-4645-A21B-946F4D724198}.Debug|x86.ActiveCfg = Debug|x86
		{AE47D2EF-A703-4645-A21B-946F4D724198}.Debug|x86.Build.0 = Debug|x86
		{AE47D2EF-A703-4645-A21B-946F4D724198}.Release|Any CPU.ActiveCfg = Release|x86
		{AE47D2EF-A703-4645-A21B-946F4D724198}.Release|Mixed Platforms.ActiveCfg = Release|x86
		{AE47D2EF-A703-4645-A21B-946F4D724198}.Release|Mixed Platforms.Build.0 = Release|x86
		{AE47D2EF-A703-4645-A21B-946F4D724198}.Release|x86.ActiveCfg = Release|x86
		{AE47D2EF-A703-4645-A21B-946F4D724198}.Release|x86.Build.0 = Release|x86
		{664CE06A-7525-4C86-AB1F-2004729A2D18}.Debug|Any CPU.ActiveCfg = Debug|x86
		{664CE06A-7525-4C86-AB1F-2004729A2D18}.Debug|Mixed Platforms.ActiveCfg = Debug|x86
		{664CE06A-7525-4C86-AB1F-2004729A2D18}.Debug|Mixed Platforms.Build.0 = Debug|x86
		{664CE06A-7525-4C86-AB1F-2004729A2D18}.Debug|x86.ActiveCfg = Debug|x86
		{664CE06A-7525-4C86-AB1F-2004729A2D18}.Debug|x86.Build.0 = Debug|x86
		{664CE06A-7525-4C86-AB1F-2004729A2D18}.Release|Any CPU.ActiveCfg = Release|x86
		{664CE06A-7525-4C86-AB1F-2004729A2D18}.Release|Mixed Platforms.ActiveCfg = Release|x86
		{664CE06A-7525-4C86-AB1F-2004729A2D18}.Release|Mixed Platforms.Build.0 = Release|x86
		{664CE06A-7525-4C86-AB1F-2004729A2D18}.Release|x86.ActiveCfg = Release|x86
		{664CE06A-7525-4C86-AB1F-2004729A2D18}.Release|x86.Build.0 = Release|x86
		{B4441163-8678-4CB3-8A58-690D5D07612D}.Debug|Any CPU.ActiveCfg = Debug|Any CPU
		{B4441163-8678-4CB3-8A58-690D5D07612D}.Debug|Any CPU.Build.0 = Debug|Any CPU
		{B4441163-8678-4CB3-8A58-690D5D07612D}.Debug|Mixed Platforms.ActiveCfg = Debug|Any CPU
		{B4441163-8678-4CB3-8A58-690D5D07612D}.Debug|Mixed Platforms.Build.0 = Debug|Any CPU
		{B4441163-8678-4CB3-8A58-690D5D07612D}.Debug|x86.ActiveCfg = Debug|Any CPU
		{B4441163-8678-4CB3-8A58-690D5D07612D}.Release|Any CPU.ActiveCfg = Debug|Any CPU
		{B4441163-8678-4CB3-8A58-690D5D07612D}.Release|Any CPU.Build.0 = Debug|Any CPU
		{B4441163-8678-4CB3-8A58-690D5D07612D}.Release|Mixed Platforms.ActiveCfg = Debug|Any CPU
		{B4441163-8678-4CB3-8A58-690D5D07612D}.Release|Mixed Platforms.Build.0 = Debug|Any CPU
		{B4441163-8678-4CB3-8A58-690D5D07612D}.Release|x86.ActiveCfg = Debug|Any CPU
		{9846CAAB-F1B8-4F11-BC48-7FD2B60A55D9}.Debug|Any CPU.ActiveCfg = Debug|x86
		{9846CAAB-F1B8-4F11-BC48-7FD2B60A55D9}.Debug|Mixed Platforms.ActiveCfg = Debug|x86
		{9846CAAB-F1B8-4F11-BC48-7FD2B60A55D9}.Debug|Mixed Platforms.Build.0 = Debug|x86
		{9846CAAB-F1B8-4F11-BC48-7FD2B60A55D9}.Debug|x86.ActiveCfg = Debug|x86
		{9846CAAB-F1B8-4F11-BC48-7FD2B60A55D9}.Debug|x86.Build.0 = Debug|x86
		{9846CAAB-F1B8-4F11-BC48-7FD2B60A55D9}.Release|Any CPU.ActiveCfg = Release|x86
		{9846CAAB-F1B8-4F11-BC48-7FD2B60A55D9}.Release|Mixed Platforms.ActiveCfg = Release|x86
		{9846CAAB-F1B8-4F11-BC48-7FD2B60A55D9}.Release|Mixed Platforms.Build.0 = Release|x86
		{9846CAAB-F1B8-4F11-BC48-7FD2B60A55D9}.Release|x86.ActiveCfg = Release|x86
		{9846CAAB-F1B8-4F11-BC48-7FD2B60A55D9}.Release|x86.Build.0 = Release|x86
	EndGlobalSection
	GlobalSection(SolutionProperties) = preSolution
		HideSolutionNode = FALSE
	EndGlobalSection
EndGlobal
